// !$*UTF8*$!
{
	archiveVersion = 1;
	classes = {
	};
	objectVersion = 50;
	objects = {

/* Begin PBXBuildFile section */
		85C0126D243350E7002F18EC /* AppDelegate.swift in Sources */ = {isa = PBXBuildFile; fileRef = 85C0126C243350E7002F18EC /* AppDelegate.swift */; };
		85C0126F243350E7002F18EC /* SceneDelegate.swift in Sources */ = {isa = PBXBuildFile; fileRef = 85C0126E243350E7002F18EC /* SceneDelegate.swift */; };
		85C01271243350E7002F18EC /* ContentView.swift in Sources */ = {isa = PBXBuildFile; fileRef = 85C01270243350E7002F18EC /* ContentView.swift */; };
		85C01273243350EA002F18EC /* Assets.xcassets in Resources */ = {isa = PBXBuildFile; fileRef = 85C01272243350EA002F18EC /* Assets.xcassets */; };
		85C01276243350EA002F18EC /* Preview Assets.xcassets in Resources */ = {isa = PBXBuildFile; fileRef = 85C01275243350EA002F18EC /* Preview Assets.xcassets */; };
		85C01279243350EB002F18EC /* LaunchScreen.storyboard in Resources */ = {isa = PBXBuildFile; fileRef = 85C01277243350EA002F18EC /* LaunchScreen.storyboard */; };
		85C0128124335136002F18EC /* PhotoData.swift in Sources */ = {isa = PBXBuildFile; fileRef = 85C0128024335136002F18EC /* PhotoData.swift */; };
		85C0128324335188002F18EC /* Array.swift in Sources */ = {isa = PBXBuildFile; fileRef = 85C0128224335188002F18EC /* Array.swift */; };
		85C01285243351A6002F18EC /* PhotoRow.swift in Sources */ = {isa = PBXBuildFile; fileRef = 85C01284243351A6002F18EC /* PhotoRow.swift */; };
		85C01287243351E1002F18EC /* PhotoDetailView.swift in Sources */ = {isa = PBXBuildFile; fileRef = 85C01286243351E1002F18EC /* PhotoDetailView.swift */; };
		85C012892433521A002F18EC /* QuestionsData.swift in Sources */ = {isa = PBXBuildFile; fileRef = 85C012882433521A002F18EC /* QuestionsData.swift */; };
		85C0128B24335269002F18EC /* QuestionsDetailView.swift in Sources */ = {isa = PBXBuildFile; fileRef = 85C0128A24335269002F18EC /* QuestionsDetailView.swift */; };
/* End PBXBuildFile section */

/* Begin PBXFileReference section */
		85C01269243350E7002F18EC /* worldhistory.app */ = {isa = PBXFileReference; explicitFileType = wrapper.application; includeInIndex = 0; path = worldhistory.app; sourceTree = BUILT_PRODUCTS_DIR; };
		85C0126C243350E7002F18EC /* AppDelegate.swift */ = {isa = PBXFileReference; lastKnownFileType = sourcecode.swift; path = AppDelegate.swift; sourceTree = "<group>"; };
		85C0126E243350E7002F18EC /* SceneDelegate.swift */ = {isa = PBXFileReference; lastKnownFileType = sourcecode.swift; path = SceneDelegate.swift; sourceTree = "<group>"; };
		85C01270243350E7002F18EC /* ContentView.swift */ = {isa = PBXFileReference; lastKnownFileType = sourcecode.swift; path = ContentView.swift; sourceTree = "<group>"; };
		85C01272243350EA002F18EC /* Assets.xcassets */ = {isa = PBXFileReference; lastKnownFileType = folder.assetcatalog; path = Assets.xcassets; sourceTree = "<group>"; };
		85C01275243350EA002F18EC /* Preview Assets.xcassets */ = {isa = PBXFileReference; lastKnownFileType = folder.assetcatalog; path = "Preview Assets.xcassets"; sourceTree = "<group>"; };
		85C01278243350EB002F18EC /* Base */ = {isa = PBXFileReference; lastKnownFileType = file.storyboard; name = Base; path = Base.lproj/LaunchScreen.storyboard; sourceTree = "<group>"; };
		85C0127A243350EB002F18EC /* Info.plist */ = {isa = PBXFileReference; lastKnownFileType = text.plist.xml; path = Info.plist; sourceTree = "<group>"; };
		85C0128024335136002F18EC /* PhotoData.swift */ = {isa = PBXFileReference; lastKnownFileType = sourcecode.swift; path = PhotoData.swift; sourceTree = "<group>"; };
		85C0128224335188002F18EC /* Array.swift */ = {isa = PBXFileReference; lastKnownFileType = sourcecode.swift; path = Array.swift; sourceTree = "<group>"; };
		85C01284243351A6002F18EC /* PhotoRow.swift */ = {isa = PBXFileReference; lastKnownFileType = sourcecode.swift; path = PhotoRow.swift; sourceTree = "<group>"; };
		85C01286243351E1002F18EC /* PhotoDetailView.swift */ = {isa = PBXFileReference; lastKnownFileType = sourcecode.swift; path = PhotoDetailView.swift; sourceTree = "<group>"; };
		85C012882433521A002F18EC /* QuestionsData.swift */ = {isa = PBXFileReference; lastKnownFileType = sourcecode.swift; path = QuestionsData.swift; sourceTree = "<group>"; };
		85C0128A24335269002F18EC /* QuestionsDetailView.swift */ = {isa = PBXFileReference; lastKnownFileType = sourcecode.swift; path = QuestionsDetailView.swift; sourceTree = "<group>"; };
/* End PBXFileReference section */

/* Begin PBXFrameworksBuildPhase section */
		85C01266243350E7002F18EC /* Frameworks */ = {
			isa = PBXFrameworksBuildPhase;
			buildActionMask = 2147483647;
			files = (
			);
			runOnlyForDeploymentPostprocessing = 0;
		};
/* End PBXFrameworksBuildPhase section */

/* Begin PBXGroup section */
		85C01260243350E7002F18EC = {
			isa = PBXGroup;
			children = (
				85C0126B243350E7002F18EC /* worldhistory */,
				85C0126A243350E7002F18EC /* Products */,
			);
			sourceTree = "<group>";
		};
		85C0126A243350E7002F18EC /* Products */ = {
			isa = PBXGroup;
			children = (
				85C01269243350E7002F18EC /* worldhistory.app */,
			);
			name = Products;
			sourceTree = "<group>";
		};
		85C0126B243350E7002F18EC /* worldhistory */ = {
			isa = PBXGroup;
			children = (
				85C0126C243350E7002F18EC /* AppDelegate.swift */,
				85C0126E243350E7002F18EC /* SceneDelegate.swift */,
				85C01270243350E7002F18EC /* ContentView.swift */,
				85C0128024335136002F18EC /* PhotoData.swift */,
				85C01284243351A6002F18EC /* PhotoRow.swift */,
				85C0128224335188002F18EC /* Array.swift */,
				85C01277243350EA002F18EC /* LaunchScreen.storyboard */,
				85C0127A243350EB002F18EC /* Info.plist */,
				85C0128A24335269002F18EC /* QuestionsDetailView.swift */,
				85C012882433521A002F18EC /* QuestionsData.swift */,
				85C01286243351E1002F18EC /* PhotoDetailView.swift */,
				85C01272243350EA002F18EC /* Assets.xcassets */,
				85C01274243350EA002F18EC /* Preview Content */,
			);
			path = worldhistory;
			sourceTree = "<group>";
		};
		85C01274243350EA002F18EC /* Preview Content */ = {
			isa = PBXGroup;
			children = (
				85C01275243350EA002F18EC /* Preview Assets.xcassets */,
			);
			path = "Preview Content";
			sourceTree = "<group>";
		};
/* End PBXGroup section */

/* Begin PBXNativeTarget section */
		85C01268243350E7002F18EC /* worldhistory */ = {
			isa = PBXNativeTarget;
			buildConfigurationList = 85C0127D243350EB002F18EC /* Build configuration list for PBXNativeTarget "worldhistory" */;
			buildPhases = (
				85C01265243350E7002F18EC /* Sources */,
				85C01266243350E7002F18EC /* Frameworks */,
				85C01267243350E7002F18EC /* Resources */,
			);
			buildRules = (
			);
			dependencies = (
			);
			name = worldhistory;
			productName = worldhistory;
			productReference = 85C01269243350E7002F18EC /* worldhistory.app */;
			productType = "com.apple.product-type.application";
		};
/* End PBXNativeTarget section */

/* Begin PBXProject section */
		85C01261243350E7002F18EC /* Project object */ = {
			isa = PBXProject;
			attributes = {
				LastSwiftUpdateCheck = 1140;
				LastUpgradeCheck = 1140;
				ORGANIZATIONNAME = "大原拓真";
				TargetAttributes = {
					85C01268243350E7002F18EC = {
						CreatedOnToolsVersion = 11.4;
					};
				};
			};
			buildConfigurationList = 85C01264243350E7002F18EC /* Build configuration list for PBXProject "worldhistory" */;
			compatibilityVersion = "Xcode 9.3";
			developmentRegion = en;
			hasScannedForEncodings = 0;
			knownRegions = (
				en,
				Base,
			);
			mainGroup = 85C01260243350E7002F18EC;
			productRefGroup = 85C0126A243350E7002F18EC /* Products */;
			projectDirPath = "";
			projectRoot = "";
			targets = (
				85C01268243350E7002F18EC /* worldhistory */,
			);
		};
/* End PBXProject section */

/* Begin PBXResourcesBuildPhase section */
		85C01267243350E7002F18EC /* Resources */ = {
			isa = PBXResourcesBuildPhase;
			buildActionMask = 2147483647;
			files = (
				85C01279243350EB002F18EC /* LaunchScreen.storyboard in Resources */,
				85C01276243350EA002F18EC /* Preview Assets.xcassets in Resources */,
				85C01273243350EA002F18EC /* Assets.xcassets in Resources */,
			);
			runOnlyForDeploymentPostprocessing = 0;
		};
/* End PBXResourcesBuildPhase section */

/* Begin PBXSourcesBuildPhase section */
		85C01265243350E7002F18EC /* Sources */ = {
			isa = PBXSourcesBuildPhase;
			buildActionMask = 2147483647;
			files = (
				85C0126D243350E7002F18EC /* AppDelegate.swift in Sources */,
				85C0128324335188002F18EC /* Array.swift in Sources */,
				85C01287243351E1002F18EC /* PhotoDetailView.swift in Sources */,
				85C012892433521A002F18EC /* QuestionsData.swift in Sources */,
				85C0126F243350E7002F18EC /* SceneDelegate.swift in Sources */,
				85C01285243351A6002F18EC /* PhotoRow.swift in Sources */,
				85C0128B24335269002F18EC /* QuestionsDetailView.swift in Sources */,
				85C0128124335136002F18EC /* PhotoData.swift in Sources */,
				85C01271243350E7002F18EC /* ContentView.swift in Sources */,
			);
			runOnlyForDeploymentPostprocessing = 0;
		};
/* End PBXSourcesBuildPhase section */

/* Begin PBXVariantGroup section */
		85C01277243350EA002F18EC /* LaunchScreen.storyboard */ = {
			isa = PBXVariantGroup;
			children = (
				85C01278243350EB002F18EC /* Base */,
			);
			name = LaunchScreen.storyboard;
			sourceTree = "<group>";
		};
/* End PBXVariantGroup section */

/* Begin XCBuildConfiguration section */
		85C0127B243350EB002F18EC /* Debug */ = {
			isa = XCBuildConfiguration;
			buildSettings = {
				ALWAYS_SEARCH_USER_PATHS = NO;
				CLANG_ANALYZER_NONNULL = YES;
				CLANG_ANALYZER_NUMBER_OBJECT_CONVERSION = YES_AGGRESSIVE;
				CLANG_CXX_LANGUAGE_STANDARD = "gnu++14";
				CLANG_CXX_LIBRARY = "libc++";
				CLANG_ENABLE_MODULES = YES;
				CLANG_ENABLE_OBJC_ARC = YES;
				CLANG_ENABLE_OBJC_WEAK = YES;
				CLANG_WARN_BLOCK_CAPTURE_AUTORELEASING = YES;
				CLANG_WARN_BOOL_CONVERSION = YES;
				CLANG_WARN_COMMA = YES;
				CLANG_WARN_CONSTANT_CONVERSION = YES;
				CLANG_WARN_DEPRECATED_OBJC_IMPLEMENTATIONS = YES;
				CLANG_WARN_DIRECT_OBJC_ISA_USAGE = YES_ERROR;
				CLANG_WARN_DOCUMENTATION_COMMENTS = YES;
				CLANG_WARN_EMPTY_BODY = YES;
				CLANG_WARN_ENUM_CONVERSION = YES;
				CLANG_WARN_INFINITE_RECURSION = YES;
				CLANG_WARN_INT_CONVERSION = YES;
				CLANG_WARN_NON_LITERAL_NULL_CONVERSION = YES;
				CLANG_WARN_OBJC_IMPLICIT_RETAIN_SELF = YES;
				CLANG_WARN_OBJC_LITERAL_CONVERSION = YES;
				CLANG_WARN_OBJC_ROOT_CLASS = YES_ERROR;
				CLANG_WARN_RANGE_LOOP_ANALYSIS = YES;
				CLANG_WARN_STRICT_PROTOTYPES = YES;
				CLANG_WARN_SUSPICIOUS_MOVE = YES;
				CLANG_WARN_UNGUARDED_AVAILABILITY = YES_AGGRESSIVE;
				CLANG_WARN_UNREACHABLE_CODE = YES;
				CLANG_WARN__DUPLICATE_METHOD_MATCH = YES;
				COPY_PHASE_STRIP = NO;
				DEBUG_INFORMATION_FORMAT = dwarf;
				ENABLE_STRICT_OBJC_MSGSEND = YES;
				ENABLE_TESTABILITY = YES;
				GCC_C_LANGUAGE_STANDARD = gnu11;
				GCC_DYNAMIC_NO_PIC = NO;
				GCC_NO_COMMON_BLOCKS = YES;
				GCC_OPTIMIZATION_LEVEL = 0;
				GCC_PREPROCESSOR_DEFINITIONS = (
					"DEBUG=1",
					"$(inherited)",
				);
				GCC_WARN_64_TO_32_BIT_CONVERSION = YES;
				GCC_WARN_ABOUT_RETURN_TYPE = YES_ERROR;
				GCC_WARN_UNDECLARED_SELECTOR = YES;
				GCC_WARN_UNINITIALIZED_AUTOS = YES_AGGRESSIVE;
				GCC_WARN_UNUSED_FUNCTION = YES;
				GCC_WARN_UNUSED_VARIABLE = YES;
				IPHONEOS_DEPLOYMENT_TARGET = 13.4;
				MTL_ENABLE_DEBUG_INFO = INCLUDE_SOURCE;
				MTL_FAST_MATH = YES;
				ONLY_ACTIVE_ARCH = YES;
				SDKROOT = iphoneos;
				SWIFT_ACTIVE_COMPILATION_CONDITIONS = DEBUG;
				SWIFT_OPTIMIZATION_LEVEL = "-Onone";
			};
			name = Debug;
		};
		85C0127C243350EB002F18EC /* Release */ = {
			isa = XCBuildConfiguration;
			buildSettings = {
				ALWAYS_SEARCH_USER_PATHS = NO;
				CLANG_ANALYZER_NONNULL = YES;
				CLANG_ANALYZER_NUMBER_OBJECT_CONVERSION = YES_AGGRESSIVE;
				CLANG_CXX_LANGUAGE_STANDARD = "gnu++14";
				CLANG_CXX_LIBRARY = "libc++";
				CLANG_ENABLE_MODULES = YES;
				CLANG_ENABLE_OBJC_ARC = YES;
				CLANG_ENABLE_OBJC_WEAK = YES;
				CLANG_WARN_BLOCK_CAPTURE_AUTORELEASING = YES;
				CLANG_WARN_BOOL_CONVERSION = YES;
				CLANG_WARN_COMMA = YES;
				CLANG_WARN_CONSTANT_CONVERSION = YES;
				CLANG_WARN_DEPRECATED_OBJC_IMPLEMENTATIONS = YES;
				CLANG_WARN_DIRECT_OBJC_ISA_USAGE = YES_ERROR;
				CLANG_WARN_DOCUMENTATION_COMMENTS = YES;
				CLANG_WARN_EMPTY_BODY = YES;
				CLANG_WARN_ENUM_CONVERSION = YES;
				CLANG_WARN_INFINITE_RECURSION = YES;
				CLANG_WARN_INT_CONVERSION = YES;
				CLANG_WARN_NON_LITERAL_NULL_CONVERSION = YES;
				CLANG_WARN_OBJC_IMPLICIT_RETAIN_SELF = YES;
				CLANG_WARN_OBJC_LITERAL_CONVERSION = YES;
				CLANG_WARN_OBJC_ROOT_CLASS = YES_ERROR;
				CLANG_WARN_RANGE_LOOP_ANALYSIS = YES;
				CLANG_WARN_STRICT_PROTOTYPES = YES;
				CLANG_WARN_SUSPICIOUS_MOVE = YES;
				CLANG_WARN_UNGUARDED_AVAILABILITY = YES_AGGRESSIVE;
				CLANG_WARN_UNREACHABLE_CODE = YES;
				CLANG_WARN__DUPLICATE_METHOD_MATCH = YES;
				COPY_PHASE_STRIP = NO;
				DEBUG_INFORMATION_FORMAT = "dwarf-with-dsym";
				ENABLE_NS_ASSERTIONS = NO;
				ENABLE_STRICT_OBJC_MSGSEND = YES;
				GCC_C_LANGUAGE_STANDARD = gnu11;
				GCC_NO_COMMON_BLOCKS = YES;
				GCC_WARN_64_TO_32_BIT_CONVERSION = YES;
				GCC_WARN_ABOUT_RETURN_TYPE = YES_ERROR;
				GCC_WARN_UNDECLARED_SELECTOR = YES;
				GCC_WARN_UNINITIALIZED_AUTOS = YES_AGGRESSIVE;
				GCC_WARN_UNUSED_FUNCTION = YES;
				GCC_WARN_UNUSED_VARIABLE = YES;
				IPHONEOS_DEPLOYMENT_TARGET = 13.4;
				MTL_ENABLE_DEBUG_INFO = NO;
				MTL_FAST_MATH = YES;
				SDKROOT = iphoneos;
				SWIFT_COMPILATION_MODE = wholemodule;
				SWIFT_OPTIMIZATION_LEVEL = "-O";
				VALIDATE_PRODUCT = YES;
			};
			name = Release;
		};
		85C0127E243350EB002F18EC /* Debug */ = {
			isa = XCBuildConfiguration;
			buildSettings = {
				ASSETCATALOG_COMPILER_APPICON_NAME = AppIcon;
				CODE_SIGN_STYLE = Automatic;
				DEVELOPMENT_ASSET_PATHS = "\"worldhistory/Preview Content\"";
				DEVELOPMENT_TEAM = 6C9AJ5PN4Y;
				ENABLE_PREVIEWS = YES;
				INFOPLIST_FILE = worldhistory/Info.plist;
				LD_RUNPATH_SEARCH_PATHS = (
					"$(inherited)",
					"@executable_path/Frameworks",
				);
				PRODUCT_BUNDLE_IDENTIFIER = takumadesuyoyo.worldhistory;
				PRODUCT_NAME = "$(TARGET_NAME)";
				SWIFT_VERSION = 5.0;
				TARGETED_DEVICE_FAMILY = "1,2";
			};
			name = Debug;
		};
		85C0127F243350EB002F18EC /* Release */ = {
			isa = XCBuildConfiguration;
			buildSettings = {
				ASSETCATALOG_COMPILER_APPICON_NAME = AppIcon;
				CODE_SIGN_STYLE = Automatic;
				DEVELOPMENT_ASSET_PATHS = "\"worldhistory/Preview Content\"";
				DEVELOPMENT_TEAM = 6C9AJ5PN4Y;
				ENABLE_PREVIEWS = YES;
				INFOPLIST_FILE = worldhistory/Info.plist;
				LD_RUNPATH_SEARCH_PATHS = (
					"$(inherited)",
					"@executable_path/Frameworks",
				);
				PRODUCT_BUNDLE_IDENTIFIER = takumadesuyoyo.worldhistory;
				PRODUCT_NAME = "$(TARGET_NAME)";
				SWIFT_VERSION = 5.0;
				TARGETED_DEVICE_FAMILY = "1,2";
			};
			name = Release;
		};
/* End XCBuildConfiguration section */

/* Begin XCConfigurationList section */
		85C01264243350E7002F18EC /* Build configuration list for PBXProject "worldhistory" */ = {
			isa = XCConfigurationList;
			buildConfigurations = (
				85C0127B243350EB002F18EC /* Debug */,
				85C0127C243350EB002F18EC /* Release */,
			);
			defaultConfigurationIsVisible = 0;
			defaultConfigurationName = Release;
		};
		85C0127D243350EB002F18EC /* Build configuration list for PBXNativeTarget "worldhistory" */ = {
			isa = XCConfigurationList;
			buildConfigurations = (
				85C0127E243350EB002F18EC /* Debug */,
				85C0127F243350EB002F18EC /* Release */,
			);
			defaultConfigurationIsVisible = 0;
			defaultConfigurationName = Release;
		};
/* End XCConfigurationList section */
	};
	rootObject = 85C01261243350E7002F18EC /* Project object */;
}
